// !$*UTF8*$!
{
	archiveVersion = 1;
	classes = {
	};
	objectVersion = 50;
	objects = {

/* Begin PBXBuildFile section */
		EF3DE47024612AF700D38960 /* AppDelegate.swift in Sources */ = {isa = PBXBuildFile; fileRef = EF3DE46F24612AF700D38960 /* AppDelegate.swift */; };
		EF3DE47224612AF700D38960 /* SceneDelegate.swift in Sources */ = {isa = PBXBuildFile; fileRef = EF3DE47124612AF700D38960 /* SceneDelegate.swift */; };
		EF3DE47424612AF700D38960 /* ViewController.swift in Sources */ = {isa = PBXBuildFile; fileRef = EF3DE47324612AF700D38960 /* ViewController.swift */; };
		EF3DE47724612AF700D38960 /* Main.storyboard in Resources */ = {isa = PBXBuildFile; fileRef = EF3DE47524612AF700D38960 /* Main.storyboard */; };
		EF3DE47924612AFA00D38960 /* Assets.xcassets in Resources */ = {isa = PBXBuildFile; fileRef = EF3DE47824612AFA00D38960 /* Assets.xcassets */; };
		EF3DE47C24612AFA00D38960 /* LaunchScreen.storyboard in Resources */ = {isa = PBXBuildFile; fileRef = EF3DE47A24612AFA00D38960 /* LaunchScreen.storyboard */; };
		EF3DE48724612C7B00D38960 /* InfoPlist.strings in Resources */ = {isa = PBXBuildFile; fileRef = EF3DE48924612C7B00D38960 /* InfoPlist.strings */; };
		EF3DE48C24612F4A00D38960 /* Localizable.strings in Resources */ = {isa = PBXBuildFile; fileRef = EF3DE48E24612F4A00D38960 /* Localizable.strings */; };
/* End PBXBuildFile section */

/* Begin PBXFileReference section */
		EF3DE46C24612AF700D38960 /* Localization.app */ = {isa = PBXFileReference; explicitFileType = wrapper.application; includeInIndex = 0; path = Localization.app; sourceTree = BUILT_PRODUCTS_DIR; };
		EF3DE46F24612AF700D38960 /* AppDelegate.swift */ = {isa = PBXFileReference; lastKnownFileType = sourcecode.swift; path = AppDelegate.swift; sourceTree = "<group>"; };
		EF3DE47124612AF700D38960 /* SceneDelegate.swift */ = {isa = PBXFileReference; lastKnownFileType = sourcecode.swift; path = SceneDelegate.swift; sourceTree = "<group>"; };
		EF3DE47324612AF700D38960 /* ViewController.swift */ = {isa = PBXFileReference; lastKnownFileType = sourcecode.swift; path = ViewController.swift; sourceTree = "<group>"; };
		EF3DE47624612AF700D38960 /* Base */ = {isa = PBXFileReference; lastKnownFileType = file.storyboard; name = Base; path = Base.lproj/Main.storyboard; sourceTree = "<group>"; };
		EF3DE47824612AFA00D38960 /* Assets.xcassets */ = {isa = PBXFileReference; lastKnownFileType = folder.assetcatalog; path = Assets.xcassets; sourceTree = "<group>"; };
		EF3DE47B24612AFA00D38960 /* Base */ = {isa = PBXFileReference; lastKnownFileType = file.storyboard; name = Base; path = Base.lproj/LaunchScreen.storyboard; sourceTree = "<group>"; };
		EF3DE47D24612AFA00D38960 /* Info.plist */ = {isa = PBXFileReference; lastKnownFileType = text.plist.xml; path = Info.plist; sourceTree = "<group>"; };
		EF3DE48324612C1D00D38960 /* ja */ = {isa = PBXFileReference; lastKnownFileType = text.plist.strings; name = ja; path = ja.lproj/Main.strings; sourceTree = "<group>"; };
		EF3DE48424612C1E00D38960 /* ja */ = {isa = PBXFileReference; lastKnownFileType = text.plist.strings; name = ja; path = ja.lproj/LaunchScreen.strings; sourceTree = "<group>"; };
		EF3DE48824612C7B00D38960 /* ja */ = {isa = PBXFileReference; lastKnownFileType = text.plist.strings; name = ja; path = ja.lproj/InfoPlist.strings; sourceTree = "<group>"; };
		EF3DE48D24612F4A00D38960 /* ja */ = {isa = PBXFileReference; lastKnownFileType = text.plist.strings; name = ja; path = ja.lproj/Localizable.strings; sourceTree = "<group>"; };
/* End PBXFileReference section */

/* Begin PBXFrameworksBuildPhase section */
		EF3DE46924612AF700D38960 /* Frameworks */ = {
			isa = PBXFrameworksBuildPhase;
			buildActionMask = 2147483647;
			files = (
			);
			runOnlyForDeploymentPostprocessing = 0;
		};
/* End PBXFrameworksBuildPhase section */

/* Begin PBXGroup section */
		EF3DE46324612AF700D38960 = {
			isa = PBXGroup;
			children = (
				EF3DE46E24612AF700D38960 /* Localization */,
				EF3DE46D24612AF700D38960 /* Products */,
			);
			sourceTree = "<group>";
		};
		EF3DE46D24612AF700D38960 /* Products */ = {
			isa = PBXGroup;
			children = (
				EF3DE46C24612AF700D38960 /* Localization.app */,
			);
			name = Products;
			sourceTree = "<group>";
		};
		EF3DE46E24612AF700D38960 /* Localization */ = {
			isa = PBXGroup;
			children = (
				EF3DE48924612C7B00D38960 /* InfoPlist.strings */,
				EF3DE46F24612AF700D38960 /* AppDelegate.swift */,
				EF3DE47124612AF700D38960 /* SceneDelegate.swift */,
				EF3DE47324612AF700D38960 /* ViewController.swift */,
				EF3DE48E24612F4A00D38960 /* Localizable.strings */,
				EF3DE47524612AF700D38960 /* Main.storyboard */,
				EF3DE47824612AFA00D38960 /* Assets.xcassets */,
				EF3DE47A24612AFA00D38960 /* LaunchScreen.storyboard */,
				EF3DE47D24612AFA00D38960 /* Info.plist */,
			);
			path = Localization;
			sourceTree = "<group>";
		};
/* End PBXGroup section */

/* Begin PBXNativeTarget section */
		EF3DE46B24612AF700D38960 /* Localization */ = {
			isa = PBXNativeTarget;
			buildConfigurationList = EF3DE48024612AFA00D38960 /* Build configuration list for PBXNativeTarget "Localization" */;
			buildPhases = (
				EF3DE46824612AF700D38960 /* Sources */,
				EF3DE46924612AF700D38960 /* Frameworks */,
				EF3DE46A24612AF700D38960 /* Resources */,
			);
			buildRules = (
			);
			dependencies = (
			);
			name = Localization;
			productName = Localization;
			productReference = EF3DE46C24612AF700D38960 /* Localization.app */;
			productType = "com.apple.product-type.application";
		};
/* End PBXNativeTarget section */

/* Begin PBXProject section */
		EF3DE46424612AF700D38960 /* Project object */ = {
			isa = PBXProject;
			attributes = {
				LastSwiftUpdateCheck = 1130;
				LastUpgradeCheck = 1130;
				ORGANIZATIONNAME = "okitsu teppei";
				TargetAttributes = {
					EF3DE46B24612AF700D38960 = {
						CreatedOnToolsVersion = 11.3.1;
					};
				};
			};
			buildConfigurationList = EF3DE46724612AF700D38960 /* Build configuration list for PBXProject "Localization" */;
			compatibilityVersion = "Xcode 9.3";
			developmentRegion = en;
			hasScannedForEncodings = 0;
			knownRegions = (
				en,
				Base,
				ja,
			);
			mainGroup = EF3DE46324612AF700D38960;
			productRefGroup = EF3DE46D24612AF700D38960 /* Products */;
			projectDirPath = "";
			projectRoot = "";
			targets = (
				EF3DE46B24612AF700D38960 /* Localization */,
			);
		};
/* End PBXProject section */

/* Begin PBXResourcesBuildPhase section */
		EF3DE46A24612AF700D38960 /* Resources */ = {
			isa = PBXResourcesBuildPhase;
			buildActionMask = 2147483647;
			files = (
				EF3DE48C24612F4A00D38960 /* Localizable.strings in Resources */,
				EF3DE47C24612AFA00D38960 /* LaunchScreen.storyboard in Resources */,
				EF3DE48724612C7B00D38960 /* InfoPlist.strings in Resources */,
				EF3DE47924612AFA00D38960 /* Assets.xcassets in Resources */,
				EF3DE47724612AF700D38960 /* Main.storyboard in Resources */,
			);
			runOnlyForDeploymentPostprocessing = 0;
		};
/* End PBXResourcesBuildPhase section */

/* Begin PBXSourcesBuildPhase section */
		EF3DE46824612AF700D38960 /* Sources */ = {
			isa = PBXSourcesBuildPhase;
			buildActionMask = 2147483647;
			files = (
				EF3DE47424612AF700D38960 /* ViewController.swift in Sources */,
				EF3DE47024612AF700D38960 /* AppDelegate.swift in Sources */,
				EF3DE47224612AF700D38960 /* SceneDelegate.swift in Sources */,
			);
			runOnlyForDeploymentPostprocessing = 0;
		};
/* End PBXSourcesBuildPhase section */

/* Begin PBXVariantGroup section */
		EF3DE47524612AF700D38960 /* Main.storyboard */ = {
			isa = PBXVariantGroup;
			children = (
				EF3DE47624612AF700D38960 /* Base */,
				EF3DE48324612C1D00D38960 /* ja */,
			);
			name = Main.storyboard;
			sourceTree = "<group>";
		};
		EF3DE47A24612AFA00D38960 /* LaunchScreen.storyboard */ = {
			isa = PBXVariantGroup;
			children = (
				EF3DE47B24612AFA00D38960 /* Base */,
				EF3DE48424612C1E00D38960 /* ja */,
			);
			name = LaunchScreen.storyboard;
			sourceTree = "<group>";
		};
		EF3DE48924612C7B00D38960 /* InfoPlist.strings */ = {
			isa = PBXVariantGroup;
			children = (
				EF3DE48824612C7B00D38960 /* ja */,
			);
			name = InfoPlist.strings;
			sourceTree = SOURCE_ROOT;
		};
		EF3DE48E24612F4A00D38960 /* Localizable.strings */ = {
			isa = PBXVariantGroup;
			children = (
				EF3DE48D24612F4A00D38960 /* ja */,
			);
			name = Localizable.strings;
			sourceTree = "<group>";
		};
/* End PBXVariantGroup section */

/* Begin XCBuildConfiguration section */
		EF3DE47E24612AFA00D38960 /* Debug */ = {
			isa = XCBuildConfiguration;
			buildSettings = {
				ALWAYS_SEARCH_USER_PATHS = NO;
				CLANG_ANALYZER_LOCALIZABILITY_NONLOCALIZED = YES;
				CLANG_ANALYZER_NONNULL = YES;
				CLANG_ANALYZER_NUMBER_OBJECT_CONVERSION = YES_AGGRESSIVE;
				CLANG_CXX_LANGUAGE_STANDARD = "gnu++14";
				CLANG_CXX_LIBRARY = "libc++";
				CLANG_ENABLE_MODULES = YES;
				CLANG_ENABLE_OBJC_ARC = YES;
				CLANG_ENABLE_OBJC_WEAK = YES;
				CLANG_WARN_BLOCK_CAPTURE_AUTORELEASING = YES;
				CLANG_WARN_BOOL_CONVERSION = YES;
				CLANG_WARN_COMMA = YES;
				CLANG_WARN_CONSTANT_CONVERSION = YES;
				CLANG_WARN_DEPRECATED_OBJC_IMPLEMENTATIONS = YES;
				CLANG_WARN_DIRECT_OBJC_ISA_USAGE = YES_ERROR;
				CLANG_WARN_DOCUMENTATION_COMMENTS = YES;
				CLANG_WARN_EMPTY_BODY = YES;
				CLANG_WARN_ENUM_CONVERSION = YES;
				CLANG_WARN_INFINITE_RECURSION = YES;
				CLANG_WARN_INT_CONVERSION = YES;
				CLANG_WARN_NON_LITERAL_NULL_CONVERSION = YES;
				CLANG_WARN_OBJC_IMPLICIT_RETAIN_SELF = YES;
				CLANG_WARN_OBJC_LITERAL_CONVERSION = YES;
				CLANG_WARN_OBJC_ROOT_CLASS = YES_ERROR;
				CLANG_WARN_RANGE_LOOP_ANALYSIS = YES;
				CLANG_WARN_STRICT_PROTOTYPES = YES;
				CLANG_WARN_SUSPICIOUS_MOVE = YES;
				CLANG_WARN_UNGUARDED_AVAILABILITY = YES_AGGRESSIVE;
				CLANG_WARN_UNREACHABLE_CODE = YES;
				CLANG_WARN__DUPLICATE_METHOD_MATCH = YES;
				COPY_PHASE_STRIP = NO;
				DEBUG_INFORMATION_FORMAT = dwarf;
				ENABLE_STRICT_OBJC_MSGSEND = YES;
				ENABLE_TESTABILITY = YES;
				GCC_C_LANGUAGE_STANDARD = gnu11;
				GCC_DYNAMIC_NO_PIC = NO;
				GCC_NO_COMMON_BLOCKS = YES;
				GCC_OPTIMIZATION_LEVEL = 0;
				GCC_PREPROCESSOR_DEFINITIONS = (
					"DEBUG=1",
					"$(inherited)",
				);
				GCC_WARN_64_TO_32_BIT_CONVERSION = YES;
				GCC_WARN_ABOUT_RETURN_TYPE = YES_ERROR;
				GCC_WARN_UNDECLARED_SELECTOR = YES;
				GCC_WARN_UNINITIALIZED_AUTOS = YES_AGGRESSIVE;
				GCC_WARN_UNUSED_FUNCTION = YES;
				GCC_WARN_UNUSED_VARIABLE = YES;
				IPHONEOS_DEPLOYMENT_TARGET = 13.2;
				MTL_ENABLE_DEBUG_INFO = INCLUDE_SOURCE;
				MTL_FAST_MATH = YES;
				ONLY_ACTIVE_ARCH = YES;
				SDKROOT = iphoneos;
				SWIFT_ACTIVE_COMPILATION_CONDITIONS = DEBUG;
				SWIFT_OPTIMIZATION_LEVEL = "-Onone";
			};
			name = Debug;
		};
		EF3DE47F24612AFA00D38960 /* Release */ = {
			isa = XCBuildConfiguration;
			buildSettings = {
				ALWAYS_SEARCH_USER_PATHS = NO;
				CLANG_ANALYZER_LOCALIZABILITY_NONLOCALIZED = YES;
				CLANG_ANALYZER_NONNULL = YES;
				CLANG_ANALYZER_NUMBER_OBJECT_CONVERSION = YES_AGGRESSIVE;
				CLANG_CXX_LANGUAGE_STANDARD = "gnu++14";
				CLANG_CXX_LIBRARY = "libc++";
				CLANG_ENABLE_MODULES = YES;
				CLANG_ENABLE_OBJC_ARC = YES;
				CLANG_ENABLE_OBJC_WEAK = YES;
				CLANG_WARN_BLOCK_CAPTURE_AUTORELEASING = YES;
				CLANG_WARN_BOOL_CONVERSION = YES;
				CLANG_WARN_COMMA = YES;
				CLANG_WARN_CONSTANT_CONVERSION = YES;
				CLANG_WARN_DEPRECATED_OBJC_IMPLEMENTATIONS = YES;
				CLANG_WARN_DIRECT_OBJC_ISA_USAGE = YES_ERROR;
				CLANG_WARN_DOCUMENTATION_COMMENTS = YES;
				CLANG_WARN_EMPTY_BODY = YES;
				CLANG_WARN_ENUM_CONVERSION = YES;
				CLANG_WARN_INFINITE_RECURSION = YES;
				CLANG_WARN_INT_CONVERSION = YES;
				CLANG_WARN_NON_LITERAL_NULL_CONVERSION = YES;
				CLANG_WARN_OBJC_IMPLICIT_RETAIN_SELF = YES;
				CLANG_WARN_OBJC_LITERAL_CONVERSION = YES;
				CLANG_WARN_OBJC_ROOT_CLASS = YES_ERROR;
				CLANG_WARN_RANGE_LOOP_ANALYSIS = YES;
				CLANG_WARN_STRICT_PROTOTYPES = YES;
				CLANG_WARN_SUSPICIOUS_MOVE = YES;
				CLANG_WARN_UNGUARDED_AVAILABILITY = YES_AGGRESSIVE;
				CLANG_WARN_UNREACHABLE_CODE = YES;
				CLANG_WARN__DUPLICATE_METHOD_MATCH = YES;
				COPY_PHASE_STRIP = NO;
				DEBUG_INFORMATION_FORMAT = "dwarf-with-dsym";
				ENABLE_NS_ASSERTIONS = NO;
				ENABLE_STRICT_OBJC_MSGSEND = YES;
				GCC_C_LANGUAGE_STANDARD = gnu11;
				GCC_NO_COMMON_BLOCKS = YES;
				GCC_WARN_64_TO_32_BIT_CONVERSION = YES;
				GCC_WARN_ABOUT_RETURN_TYPE = YES_ERROR;
				GCC_WARN_UNDECLARED_SELECTOR = YES;
				GCC_WARN_UNINITIALIZED_AUTOS = YES_AGGRESSIVE;
				GCC_WARN_UNUSED_FUNCTION = YES;
				GCC_WARN_UNUSED_VARIABLE = YES;
				IPHONEOS_DEPLOYMENT_TARGET = 13.2;
				MTL_ENABLE_DEBUG_INFO = NO;
				MTL_FAST_MATH = YES;
				SDKROOT = iphoneos;
				SWIFT_COMPILATION_MODE = wholemodule;
				SWIFT_OPTIMIZATION_LEVEL = "-O";
				VALIDATE_PRODUCT = YES;
			};
			name = Release;
		};
		EF3DE48124612AFA00D38960 /* Debug */ = {
			isa = XCBuildConfiguration;
			buildSettings = {
				ASSETCATALOG_COMPILER_APPICON_NAME = AppIcon;
				CODE_SIGN_STYLE = Automatic;
				INFOPLIST_FILE = Localization/Info.plist;
				LD_RUNPATH_SEARCH_PATHS = (
					"$(inherited)",
					"@executable_path/Frameworks",
				);
				PRODUCT_BUNDLE_IDENTIFIER = "okitsu-teppei.Localization";
				PRODUCT_NAME = "$(TARGET_NAME)";
				SWIFT_VERSION = 5.0;
				TARGETED_DEVICE_FAMILY = "1,2";
			};
			name = Debug;
		};
		EF3DE48224612AFA00D38960 /* Release */ = {
			isa = XCBuildConfiguration;
			buildSettings = {
				ASSETCATALOG_COMPILER_APPICON_NAME = AppIcon;
				CODE_SIGN_STYLE = Automatic;
				INFOPLIST_FILE = Localization/Info.plist;
				LD_RUNPATH_SEARCH_PATHS = (
					"$(inherited)",
					"@executable_path/Frameworks",
				);
				PRODUCT_BUNDLE_IDENTIFIER = "okitsu-teppei.Localization";
				PRODUCT_NAME = "$(TARGET_NAME)";
				SWIFT_VERSION = 5.0;
				TARGETED_DEVICE_FAMILY = "1,2";
			};
			name = Release;
		};
/* End XCBuildConfiguration section */

/* Begin XCConfigurationList section */
		EF3DE46724612AF700D38960 /* Build configuration list for PBXProject "Localization" */ = {
			isa = XCConfigurationList;
			buildConfigurations = (
				EF3DE47E24612AFA00D38960 /* Debug */,
				EF3DE47F24612AFA00D38960 /* Release */,
			);
			defaultConfigurationIsVisible = 0;
			defaultConfigurationName = Release;
		};
		EF3DE48024612AFA00D38960 /* Build configuration list for PBXNativeTarget "Localization" */ = {
			isa = XCConfigurationList;
			buildConfigurations = (
				EF3DE48124612AFA00D38960 /* Debug */,
				EF3DE48224612AFA00D38960 /* Release */,
			);
			defaultConfigurationIsVisible = 0;
			defaultConfigurationName = Release;
		};
/* End XCConfigurationList section */
	};
	rootObject = EF3DE46424612AF700D38960 /* Project object */;
}
