// !$*UTF8*$!
{
	archiveVersion = 1;
	classes = {
	};
	objectVersion = 50;
	objects = {

/* Begin PBXBuildFile section */
		EF96BA3B24BC72A70047F6E6 /* AppDelegate.swift in Sources */ = {isa = PBXBuildFile; fileRef = EF96BA3A24BC72A70047F6E6 /* AppDelegate.swift */; };
		EF96BA3D24BC72A70047F6E6 /* SceneDelegate.swift in Sources */ = {isa = PBXBuildFile; fileRef = EF96BA3C24BC72A70047F6E6 /* SceneDelegate.swift */; };
		EF96BA3F24BC72A70047F6E6 /* ContentView.swift in Sources */ = {isa = PBXBuildFile; fileRef = EF96BA3E24BC72A70047F6E6 /* ContentView.swift */; };
		EF96BA4124BC72A80047F6E6 /* Assets.xcassets in Resources */ = {isa = PBXBuildFile; fileRef = EF96BA4024BC72A80047F6E6 /* Assets.xcassets */; };
		EF96BA4424BC72A80047F6E6 /* Preview Assets.xcassets in Resources */ = {isa = PBXBuildFile; fileRef = EF96BA4324BC72A80047F6E6 /* Preview Assets.xcassets */; };
		EF96BA4724BC72A80047F6E6 /* LaunchScreen.storyboard in Resources */ = {isa = PBXBuildFile; fileRef = EF96BA4524BC72A80047F6E6 /* LaunchScreen.storyboard */; };
		EF96BA4F24BC7A9C0047F6E6 /* StageSelect.swift in Sources */ = {isa = PBXBuildFile; fileRef = EF96BA4E24BC7A9C0047F6E6 /* StageSelect.swift */; };
		EF96BA5124BC85070047F6E6 /* MapView.swift in Sources */ = {isa = PBXBuildFile; fileRef = EF96BA5024BC85070047F6E6 /* MapView.swift */; };
		EF96BA5324BC8B940047F6E6 /* PreGameView.swift in Sources */ = {isa = PBXBuildFile; fileRef = EF96BA5224BC8B940047F6E6 /* PreGameView.swift */; };
		EF96BA5524BC8CB00047F6E6 /* ScreenTransitionView.swift in Sources */ = {isa = PBXBuildFile; fileRef = EF96BA5424BC8CB00047F6E6 /* ScreenTransitionView.swift */; };
		EF96BA5724BC8DB00047F6E6 /* TestStageSelect.swift in Sources */ = {isa = PBXBuildFile; fileRef = EF96BA5624BC8DB00047F6E6 /* TestStageSelect.swift */; };
/* End PBXBuildFile section */

/* Begin PBXFileReference section */
		EF96BA3724BC72A70047F6E6 /* flickGame.app */ = {isa = PBXFileReference; explicitFileType = wrapper.application; includeInIndex = 0; path = flickGame.app; sourceTree = BUILT_PRODUCTS_DIR; };
		EF96BA3A24BC72A70047F6E6 /* AppDelegate.swift */ = {isa = PBXFileReference; lastKnownFileType = sourcecode.swift; path = AppDelegate.swift; sourceTree = "<group>"; };
		EF96BA3C24BC72A70047F6E6 /* SceneDelegate.swift */ = {isa = PBXFileReference; lastKnownFileType = sourcecode.swift; path = SceneDelegate.swift; sourceTree = "<group>"; };
		EF96BA3E24BC72A70047F6E6 /* ContentView.swift */ = {isa = PBXFileReference; lastKnownFileType = sourcecode.swift; path = ContentView.swift; sourceTree = "<group>"; };
		EF96BA4024BC72A80047F6E6 /* Assets.xcassets */ = {isa = PBXFileReference; lastKnownFileType = folder.assetcatalog; path = Assets.xcassets; sourceTree = "<group>"; };
		EF96BA4324BC72A80047F6E6 /* Preview Assets.xcassets */ = {isa = PBXFileReference; lastKnownFileType = folder.assetcatalog; path = "Preview Assets.xcassets"; sourceTree = "<group>"; };
		EF96BA4624BC72A80047F6E6 /* Base */ = {isa = PBXFileReference; lastKnownFileType = file.storyboard; name = Base; path = Base.lproj/LaunchScreen.storyboard; sourceTree = "<group>"; };
		EF96BA4824BC72A80047F6E6 /* Info.plist */ = {isa = PBXFileReference; lastKnownFileType = text.plist.xml; path = Info.plist; sourceTree = "<group>"; };
		EF96BA4E24BC7A9C0047F6E6 /* StageSelect.swift */ = {isa = PBXFileReference; lastKnownFileType = sourcecode.swift; path = StageSelect.swift; sourceTree = "<group>"; };
		EF96BA5024BC85070047F6E6 /* MapView.swift */ = {isa = PBXFileReference; lastKnownFileType = sourcecode.swift; path = MapView.swift; sourceTree = "<group>"; };
		EF96BA5224BC8B940047F6E6 /* PreGameView.swift */ = {isa = PBXFileReference; lastKnownFileType = sourcecode.swift; path = PreGameView.swift; sourceTree = "<group>"; };
		EF96BA5424BC8CB00047F6E6 /* ScreenTransitionView.swift */ = {isa = PBXFileReference; lastKnownFileType = sourcecode.swift; path = ScreenTransitionView.swift; sourceTree = "<group>"; };
		EF96BA5624BC8DB00047F6E6 /* TestStageSelect.swift */ = {isa = PBXFileReference; lastKnownFileType = sourcecode.swift; path = TestStageSelect.swift; sourceTree = "<group>"; };
/* End PBXFileReference section */

/* Begin PBXFrameworksBuildPhase section */
		EF96BA3424BC72A70047F6E6 /* Frameworks */ = {
			isa = PBXFrameworksBuildPhase;
			buildActionMask = 2147483647;
			files = (
			);
			runOnlyForDeploymentPostprocessing = 0;
		};
/* End PBXFrameworksBuildPhase section */

/* Begin PBXGroup section */
		EF96BA2E24BC72A70047F6E6 = {
			isa = PBXGroup;
			children = (
				EF96BA3924BC72A70047F6E6 /* flickGame */,
				EF96BA3824BC72A70047F6E6 /* Products */,
			);
			sourceTree = "<group>";
		};
		EF96BA3824BC72A70047F6E6 /* Products */ = {
			isa = PBXGroup;
			children = (
				EF96BA3724BC72A70047F6E6 /* flickGame.app */,
			);
			name = Products;
			sourceTree = "<group>";
		};
		EF96BA3924BC72A70047F6E6 /* flickGame */ = {
			isa = PBXGroup;
			children = (
				EF96BA3A24BC72A70047F6E6 /* AppDelegate.swift */,
				EF96BA3C24BC72A70047F6E6 /* SceneDelegate.swift */,
				EF96BA3E24BC72A70047F6E6 /* ContentView.swift */,
				EF96BA4024BC72A80047F6E6 /* Assets.xcassets */,
				EF96BA4E24BC7A9C0047F6E6 /* StageSelect.swift */,
				EF96BA5024BC85070047F6E6 /* MapView.swift */,
				EF96BA5224BC8B940047F6E6 /* PreGameView.swift */,
				EF96BA5624BC8DB00047F6E6 /* TestStageSelect.swift */,
				EF96BA5424BC8CB00047F6E6 /* ScreenTransitionView.swift */,
				EF96BA4524BC72A80047F6E6 /* LaunchScreen.storyboard */,
				EF96BA4824BC72A80047F6E6 /* Info.plist */,
				EF96BA4224BC72A80047F6E6 /* Preview Content */,
			);
			path = flickGame;
			sourceTree = "<group>";
		};
		EF96BA4224BC72A80047F6E6 /* Preview Content */ = {
			isa = PBXGroup;
			children = (
				EF96BA4324BC72A80047F6E6 /* Preview Assets.xcassets */,
			);
			path = "Preview Content";
			sourceTree = "<group>";
		};
/* End PBXGroup section */

/* Begin PBXNativeTarget section */
		EF96BA3624BC72A70047F6E6 /* flickGame */ = {
			isa = PBXNativeTarget;
			buildConfigurationList = EF96BA4B24BC72A80047F6E6 /* Build configuration list for PBXNativeTarget "flickGame" */;
			buildPhases = (
				EF96BA3324BC72A70047F6E6 /* Sources */,
				EF96BA3424BC72A70047F6E6 /* Frameworks */,
				EF96BA3524BC72A70047F6E6 /* Resources */,
			);
			buildRules = (
			);
			dependencies = (
			);
			name = flickGame;
			productName = flickGame;
			productReference = EF96BA3724BC72A70047F6E6 /* flickGame.app */;
			productType = "com.apple.product-type.application";
		};
/* End PBXNativeTarget section */

/* Begin PBXProject section */
		EF96BA2F24BC72A70047F6E6 /* Project object */ = {
			isa = PBXProject;
			attributes = {
				LastSwiftUpdateCheck = 1140;
				LastUpgradeCheck = 1140;
				ORGANIZATIONNAME = "okitsu teppei";
				TargetAttributes = {
					EF96BA3624BC72A70047F6E6 = {
						CreatedOnToolsVersion = 11.4.1;
					};
				};
			};
			buildConfigurationList = EF96BA3224BC72A70047F6E6 /* Build configuration list for PBXProject "flickGame" */;
			compatibilityVersion = "Xcode 9.3";
			developmentRegion = en;
			hasScannedForEncodings = 0;
			knownRegions = (
				en,
				Base,
			);
			mainGroup = EF96BA2E24BC72A70047F6E6;
			productRefGroup = EF96BA3824BC72A70047F6E6 /* Products */;
			projectDirPath = "";
			projectRoot = "";
			targets = (
				EF96BA3624BC72A70047F6E6 /* flickGame */,
			);
		};
/* End PBXProject section */

/* Begin PBXResourcesBuildPhase section */
		EF96BA3524BC72A70047F6E6 /* Resources */ = {
			isa = PBXResourcesBuildPhase;
			buildActionMask = 2147483647;
			files = (
				EF96BA4724BC72A80047F6E6 /* LaunchScreen.storyboard in Resources */,
				EF96BA4424BC72A80047F6E6 /* Preview Assets.xcassets in Resources */,
				EF96BA4124BC72A80047F6E6 /* Assets.xcassets in Resources */,
			);
			runOnlyForDeploymentPostprocessing = 0;
		};
/* End PBXResourcesBuildPhase section */

/* Begin PBXSourcesBuildPhase section */
		EF96BA3324BC72A70047F6E6 /* Sources */ = {
			isa = PBXSourcesBuildPhase;
			buildActionMask = 2147483647;
			files = (
				EF96BA4F24BC7A9C0047F6E6 /* StageSelect.swift in Sources */,
				EF96BA3B24BC72A70047F6E6 /* AppDelegate.swift in Sources */,
				EF96BA5524BC8CB00047F6E6 /* ScreenTransitionView.swift in Sources */,
				EF96BA5324BC8B940047F6E6 /* PreGameView.swift in Sources */,
				EF96BA5724BC8DB00047F6E6 /* TestStageSelect.swift in Sources */,
				EF96BA5124BC85070047F6E6 /* MapView.swift in Sources */,
				EF96BA3D24BC72A70047F6E6 /* SceneDelegate.swift in Sources */,
				EF96BA3F24BC72A70047F6E6 /* ContentView.swift in Sources */,
			);
			runOnlyForDeploymentPostprocessing = 0;
		};
/* End PBXSourcesBuildPhase section */

/* Begin PBXVariantGroup section */
		EF96BA4524BC72A80047F6E6 /* LaunchScreen.storyboard */ = {
			isa = PBXVariantGroup;
			children = (
				EF96BA4624BC72A80047F6E6 /* Base */,
			);
			name = LaunchScreen.storyboard;
			sourceTree = "<group>";
		};
/* End PBXVariantGroup section */

/* Begin XCBuildConfiguration section */
		EF96BA4924BC72A80047F6E6 /* Debug */ = {
			isa = XCBuildConfiguration;
			buildSettings = {
				ALWAYS_SEARCH_USER_PATHS = NO;
				CLANG_ANALYZER_NONNULL = YES;
				CLANG_ANALYZER_NUMBER_OBJECT_CONVERSION = YES_AGGRESSIVE;
				CLANG_CXX_LANGUAGE_STANDARD = "gnu++14";
				CLANG_CXX_LIBRARY = "libc++";
				CLANG_ENABLE_MODULES = YES;
				CLANG_ENABLE_OBJC_ARC = YES;
				CLANG_ENABLE_OBJC_WEAK = YES;
				CLANG_WARN_BLOCK_CAPTURE_AUTORELEASING = YES;
				CLANG_WARN_BOOL_CONVERSION = YES;
				CLANG_WARN_COMMA = YES;
				CLANG_WARN_CONSTANT_CONVERSION = YES;
				CLANG_WARN_DEPRECATED_OBJC_IMPLEMENTATIONS = YES;
				CLANG_WARN_DIRECT_OBJC_ISA_USAGE = YES_ERROR;
				CLANG_WARN_DOCUMENTATION_COMMENTS = YES;
				CLANG_WARN_EMPTY_BODY = YES;
				CLANG_WARN_ENUM_CONVERSION = YES;
				CLANG_WARN_INFINITE_RECURSION = YES;
				CLANG_WARN_INT_CONVERSION = YES;
				CLANG_WARN_NON_LITERAL_NULL_CONVERSION = YES;
				CLANG_WARN_OBJC_IMPLICIT_RETAIN_SELF = YES;
				CLANG_WARN_OBJC_LITERAL_CONVERSION = YES;
				CLANG_WARN_OBJC_ROOT_CLASS = YES_ERROR;
				CLANG_WARN_RANGE_LOOP_ANALYSIS = YES;
				CLANG_WARN_STRICT_PROTOTYPES = YES;
				CLANG_WARN_SUSPICIOUS_MOVE = YES;
				CLANG_WARN_UNGUARDED_AVAILABILITY = YES_AGGRESSIVE;
				CLANG_WARN_UNREACHABLE_CODE = YES;
				CLANG_WARN__DUPLICATE_METHOD_MATCH = YES;
				COPY_PHASE_STRIP = NO;
				DEBUG_INFORMATION_FORMAT = dwarf;
				ENABLE_STRICT_OBJC_MSGSEND = YES;
				ENABLE_TESTABILITY = YES;
				GCC_C_LANGUAGE_STANDARD = gnu11;
				GCC_DYNAMIC_NO_PIC = NO;
				GCC_NO_COMMON_BLOCKS = YES;
				GCC_OPTIMIZATION_LEVEL = 0;
				GCC_PREPROCESSOR_DEFINITIONS = (
					"DEBUG=1",
					"$(inherited)",
				);
				GCC_WARN_64_TO_32_BIT_CONVERSION = YES;
				GCC_WARN_ABOUT_RETURN_TYPE = YES_ERROR;
				GCC_WARN_UNDECLARED_SELECTOR = YES;
				GCC_WARN_UNINITIALIZED_AUTOS = YES_AGGRESSIVE;
				GCC_WARN_UNUSED_FUNCTION = YES;
				GCC_WARN_UNUSED_VARIABLE = YES;
				IPHONEOS_DEPLOYMENT_TARGET = 13.4;
				MTL_ENABLE_DEBUG_INFO = INCLUDE_SOURCE;
				MTL_FAST_MATH = YES;
				ONLY_ACTIVE_ARCH = YES;
				SDKROOT = iphoneos;
				SWIFT_ACTIVE_COMPILATION_CONDITIONS = DEBUG;
				SWIFT_OPTIMIZATION_LEVEL = "-Onone";
			};
			name = Debug;
		};
		EF96BA4A24BC72A80047F6E6 /* Release */ = {
			isa = XCBuildConfiguration;
			buildSettings = {
				ALWAYS_SEARCH_USER_PATHS = NO;
				CLANG_ANALYZER_NONNULL = YES;
				CLANG_ANALYZER_NUMBER_OBJECT_CONVERSION = YES_AGGRESSIVE;
				CLANG_CXX_LANGUAGE_STANDARD = "gnu++14";
				CLANG_CXX_LIBRARY = "libc++";
				CLANG_ENABLE_MODULES = YES;
				CLANG_ENABLE_OBJC_ARC = YES;
				CLANG_ENABLE_OBJC_WEAK = YES;
				CLANG_WARN_BLOCK_CAPTURE_AUTORELEASING = YES;
				CLANG_WARN_BOOL_CONVERSION = YES;
				CLANG_WARN_COMMA = YES;
				CLANG_WARN_CONSTANT_CONVERSION = YES;
				CLANG_WARN_DEPRECATED_OBJC_IMPLEMENTATIONS = YES;
				CLANG_WARN_DIRECT_OBJC_ISA_USAGE = YES_ERROR;
				CLANG_WARN_DOCUMENTATION_COMMENTS = YES;
				CLANG_WARN_EMPTY_BODY = YES;
				CLANG_WARN_ENUM_CONVERSION = YES;
				CLANG_WARN_INFINITE_RECURSION = YES;
				CLANG_WARN_INT_CONVERSION = YES;
				CLANG_WARN_NON_LITERAL_NULL_CONVERSION = YES;
				CLANG_WARN_OBJC_IMPLICIT_RETAIN_SELF = YES;
				CLANG_WARN_OBJC_LITERAL_CONVERSION = YES;
				CLANG_WARN_OBJC_ROOT_CLASS = YES_ERROR;
				CLANG_WARN_RANGE_LOOP_ANALYSIS = YES;
				CLANG_WARN_STRICT_PROTOTYPES = YES;
				CLANG_WARN_SUSPICIOUS_MOVE = YES;
				CLANG_WARN_UNGUARDED_AVAILABILITY = YES_AGGRESSIVE;
				CLANG_WARN_UNREACHABLE_CODE = YES;
				CLANG_WARN__DUPLICATE_METHOD_MATCH = YES;
				COPY_PHASE_STRIP = NO;
				DEBUG_INFORMATION_FORMAT = "dwarf-with-dsym";
				ENABLE_NS_ASSERTIONS = NO;
				ENABLE_STRICT_OBJC_MSGSEND = YES;
				GCC_C_LANGUAGE_STANDARD = gnu11;
				GCC_NO_COMMON_BLOCKS = YES;
				GCC_WARN_64_TO_32_BIT_CONVERSION = YES;
				GCC_WARN_ABOUT_RETURN_TYPE = YES_ERROR;
				GCC_WARN_UNDECLARED_SELECTOR = YES;
				GCC_WARN_UNINITIALIZED_AUTOS = YES_AGGRESSIVE;
				GCC_WARN_UNUSED_FUNCTION = YES;
				GCC_WARN_UNUSED_VARIABLE = YES;
				IPHONEOS_DEPLOYMENT_TARGET = 13.4;
				MTL_ENABLE_DEBUG_INFO = NO;
				MTL_FAST_MATH = YES;
				SDKROOT = iphoneos;
				SWIFT_COMPILATION_MODE = wholemodule;
				SWIFT_OPTIMIZATION_LEVEL = "-O";
				VALIDATE_PRODUCT = YES;
			};
			name = Release;
		};
		EF96BA4C24BC72A80047F6E6 /* Debug */ = {
			isa = XCBuildConfiguration;
			buildSettings = {
				ASSETCATALOG_COMPILER_APPICON_NAME = AppIcon;
				CODE_SIGN_STYLE = Automatic;
				DEVELOPMENT_ASSET_PATHS = "\"flickGame/Preview Content\"";
				ENABLE_PREVIEWS = YES;
				INFOPLIST_FILE = flickGame/Info.plist;
				LD_RUNPATH_SEARCH_PATHS = (
					"$(inherited)",
					"@executable_path/Frameworks",
				);
				PRODUCT_BUNDLE_IDENTIFIER = "okitsu-teppei.flickGame";
				PRODUCT_NAME = "$(TARGET_NAME)";
				SWIFT_VERSION = 5.0;
				TARGETED_DEVICE_FAMILY = "1,2";
			};
			name = Debug;
		};
		EF96BA4D24BC72A80047F6E6 /* Release */ = {
			isa = XCBuildConfiguration;
			buildSettings = {
				ASSETCATALOG_COMPILER_APPICON_NAME = AppIcon;
				CODE_SIGN_STYLE = Automatic;
				DEVELOPMENT_ASSET_PATHS = "\"flickGame/Preview Content\"";
				ENABLE_PREVIEWS = YES;
				INFOPLIST_FILE = flickGame/Info.plist;
				LD_RUNPATH_SEARCH_PATHS = (
					"$(inherited)",
					"@executable_path/Frameworks",
				);
				PRODUCT_BUNDLE_IDENTIFIER = "okitsu-teppei.flickGame";
				PRODUCT_NAME = "$(TARGET_NAME)";
				SWIFT_VERSION = 5.0;
				TARGETED_DEVICE_FAMILY = "1,2";
			};
			name = Release;
		};
/* End XCBuildConfiguration section */

/* Begin XCConfigurationList section */
		EF96BA3224BC72A70047F6E6 /* Build configuration list for PBXProject "flickGame" */ = {
			isa = XCConfigurationList;
			buildConfigurations = (
				EF96BA4924BC72A80047F6E6 /* Debug */,
				EF96BA4A24BC72A80047F6E6 /* Release */,
			);
			defaultConfigurationIsVisible = 0;
			defaultConfigurationName = Release;
		};
		EF96BA4B24BC72A80047F6E6 /* Build configuration list for PBXNativeTarget "flickGame" */ = {
			isa = XCConfigurationList;
			buildConfigurations = (
				EF96BA4C24BC72A80047F6E6 /* Debug */,
				EF96BA4D24BC72A80047F6E6 /* Release */,
			);
			defaultConfigurationIsVisible = 0;
			defaultConfigurationName = Release;
		};
/* End XCConfigurationList section */
	};
	rootObject = EF96BA2F24BC72A70047F6E6 /* Project object */;
}
