// !$*UTF8*$!
{
	archiveVersion = 1;
	classes = {
	};
	objectVersion = 50;
	objects = {

/* Begin PBXBuildFile section */
		EF9E5441245FD0CE004FD475 /* AppDelegate.swift in Sources */ = {isa = PBXBuildFile; fileRef = EF9E5440245FD0CE004FD475 /* AppDelegate.swift */; };
		EF9E5443245FD0CE004FD475 /* SceneDelegate.swift in Sources */ = {isa = PBXBuildFile; fileRef = EF9E5442245FD0CE004FD475 /* SceneDelegate.swift */; };
		EF9E5448245FD0CE004FD475 /* Main.storyboard in Resources */ = {isa = PBXBuildFile; fileRef = EF9E5446245FD0CE004FD475 /* Main.storyboard */; };
		EF9E544A245FD0D1004FD475 /* Assets.xcassets in Resources */ = {isa = PBXBuildFile; fileRef = EF9E5449245FD0D1004FD475 /* Assets.xcassets */; };
		EF9E544D245FD0D1004FD475 /* LaunchScreen.storyboard in Resources */ = {isa = PBXBuildFile; fileRef = EF9E544B245FD0D1004FD475 /* LaunchScreen.storyboard */; };
		EF9E5455245FD197004FD475 /* ListViewController.swift in Sources */ = {isa = PBXBuildFile; fileRef = EF9E5454245FD197004FD475 /* ListViewController.swift */; };
		EF9E5457245FD951004FD475 /* Item.swift in Sources */ = {isa = PBXBuildFile; fileRef = EF9E5456245FD951004FD475 /* Item.swift */; };
		EF9E545A245FE267004FD475 /* WebKit.framework in Frameworks */ = {isa = PBXBuildFile; fileRef = EF9E5459245FE267004FD475 /* WebKit.framework */; };
		EF9E545E245FE2C7004FD475 /* DetailViewController.swift in Sources */ = {isa = PBXBuildFile; fileRef = EF9E545D245FE2C7004FD475 /* DetailViewController.swift */; };
/* End PBXBuildFile section */

/* Begin PBXFileReference section */
		EF9E543D245FD0CE004FD475 /* NewsReader.app */ = {isa = PBXFileReference; explicitFileType = wrapper.application; includeInIndex = 0; path = NewsReader.app; sourceTree = BUILT_PRODUCTS_DIR; };
		EF9E5440245FD0CE004FD475 /* AppDelegate.swift */ = {isa = PBXFileReference; lastKnownFileType = sourcecode.swift; path = AppDelegate.swift; sourceTree = "<group>"; };
		EF9E5442245FD0CE004FD475 /* SceneDelegate.swift */ = {isa = PBXFileReference; lastKnownFileType = sourcecode.swift; path = SceneDelegate.swift; sourceTree = "<group>"; };
		EF9E5447245FD0CE004FD475 /* Base */ = {isa = PBXFileReference; lastKnownFileType = file.storyboard; name = Base; path = Base.lproj/Main.storyboard; sourceTree = "<group>"; };
		EF9E5449245FD0D1004FD475 /* Assets.xcassets */ = {isa = PBXFileReference; lastKnownFileType = folder.assetcatalog; path = Assets.xcassets; sourceTree = "<group>"; };
		EF9E544C245FD0D1004FD475 /* Base */ = {isa = PBXFileReference; lastKnownFileType = file.storyboard; name = Base; path = Base.lproj/LaunchScreen.storyboard; sourceTree = "<group>"; };
		EF9E544E245FD0D1004FD475 /* Info.plist */ = {isa = PBXFileReference; lastKnownFileType = text.plist.xml; path = Info.plist; sourceTree = "<group>"; };
		EF9E5454245FD197004FD475 /* ListViewController.swift */ = {isa = PBXFileReference; lastKnownFileType = sourcecode.swift; path = ListViewController.swift; sourceTree = SOURCE_ROOT; };
		EF9E5456245FD951004FD475 /* Item.swift */ = {isa = PBXFileReference; lastKnownFileType = sourcecode.swift; path = Item.swift; sourceTree = "<group>"; };
		EF9E5459245FE267004FD475 /* WebKit.framework */ = {isa = PBXFileReference; lastKnownFileType = wrapper.framework; name = WebKit.framework; path = System/Library/Frameworks/WebKit.framework; sourceTree = SDKROOT; };
		EF9E545D245FE2C7004FD475 /* DetailViewController.swift */ = {isa = PBXFileReference; lastKnownFileType = sourcecode.swift; path = DetailViewController.swift; sourceTree = SOURCE_ROOT; };
/* End PBXFileReference section */

/* Begin PBXFrameworksBuildPhase section */
		EF9E543A245FD0CE004FD475 /* Frameworks */ = {
			isa = PBXFrameworksBuildPhase;
			buildActionMask = 2147483647;
			files = (
				EF9E545A245FE267004FD475 /* WebKit.framework in Frameworks */,
			);
			runOnlyForDeploymentPostprocessing = 0;
		};
/* End PBXFrameworksBuildPhase section */

/* Begin PBXGroup section */
		EF9E5434245FD0CE004FD475 = {
			isa = PBXGroup;
			children = (
				EF9E543F245FD0CE004FD475 /* NewsReader */,
				EF9E543E245FD0CE004FD475 /* Products */,
				EF9E5458245FE266004FD475 /* Frameworks */,
			);
			sourceTree = "<group>";
		};
		EF9E543E245FD0CE004FD475 /* Products */ = {
			isa = PBXGroup;
			children = (
				EF9E543D245FD0CE004FD475 /* NewsReader.app */,
			);
			name = Products;
			sourceTree = "<group>";
		};
		EF9E543F245FD0CE004FD475 /* NewsReader */ = {
			isa = PBXGroup;
			children = (
				EF9E545D245FE2C7004FD475 /* DetailViewController.swift */,
				EF9E5454245FD197004FD475 /* ListViewController.swift */,
				EF9E5456245FD951004FD475 /* Item.swift */,
				EF9E5440245FD0CE004FD475 /* AppDelegate.swift */,
				EF9E5442245FD0CE004FD475 /* SceneDelegate.swift */,
				EF9E5446245FD0CE004FD475 /* Main.storyboard */,
				EF9E5449245FD0D1004FD475 /* Assets.xcassets */,
				EF9E544B245FD0D1004FD475 /* LaunchScreen.storyboard */,
				EF9E544E245FD0D1004FD475 /* Info.plist */,
			);
			path = NewsReader;
			sourceTree = "<group>";
		};
		EF9E5458245FE266004FD475 /* Frameworks */ = {
			isa = PBXGroup;
			children = (
				EF9E5459245FE267004FD475 /* WebKit.framework */,
			);
			name = Frameworks;
			sourceTree = "<group>";
		};
/* End PBXGroup section */

/* Begin PBXNativeTarget section */
		EF9E543C245FD0CE004FD475 /* NewsReader */ = {
			isa = PBXNativeTarget;
			buildConfigurationList = EF9E5451245FD0D1004FD475 /* Build configuration list for PBXNativeTarget "NewsReader" */;
			buildPhases = (
				EF9E5439245FD0CE004FD475 /* Sources */,
				EF9E543A245FD0CE004FD475 /* Frameworks */,
				EF9E543B245FD0CE004FD475 /* Resources */,
			);
			buildRules = (
			);
			dependencies = (
			);
			name = NewsReader;
			productName = NewsReader;
			productReference = EF9E543D245FD0CE004FD475 /* NewsReader.app */;
			productType = "com.apple.product-type.application";
		};
/* End PBXNativeTarget section */

/* Begin PBXProject section */
		EF9E5435245FD0CE004FD475 /* Project object */ = {
			isa = PBXProject;
			attributes = {
				LastSwiftUpdateCheck = 1130;
				LastUpgradeCheck = 1130;
				ORGANIZATIONNAME = "okitsu teppei";
				TargetAttributes = {
					EF9E543C245FD0CE004FD475 = {
						CreatedOnToolsVersion = 11.3.1;
					};
				};
			};
			buildConfigurationList = EF9E5438245FD0CE004FD475 /* Build configuration list for PBXProject "NewsReader" */;
			compatibilityVersion = "Xcode 9.3";
			developmentRegion = en;
			hasScannedForEncodings = 0;
			knownRegions = (
				en,
				Base,
			);
			mainGroup = EF9E5434245FD0CE004FD475;
			productRefGroup = EF9E543E245FD0CE004FD475 /* Products */;
			projectDirPath = "";
			projectRoot = "";
			targets = (
				EF9E543C245FD0CE004FD475 /* NewsReader */,
			);
		};
/* End PBXProject section */

/* Begin PBXResourcesBuildPhase section */
		EF9E543B245FD0CE004FD475 /* Resources */ = {
			isa = PBXResourcesBuildPhase;
			buildActionMask = 2147483647;
			files = (
				EF9E544D245FD0D1004FD475 /* LaunchScreen.storyboard in Resources */,
				EF9E544A245FD0D1004FD475 /* Assets.xcassets in Resources */,
				EF9E5448245FD0CE004FD475 /* Main.storyboard in Resources */,
			);
			runOnlyForDeploymentPostprocessing = 0;
		};
/* End PBXResourcesBuildPhase section */

/* Begin PBXSourcesBuildPhase section */
		EF9E5439245FD0CE004FD475 /* Sources */ = {
			isa = PBXSourcesBuildPhase;
			buildActionMask = 2147483647;
			files = (
				EF9E5457245FD951004FD475 /* Item.swift in Sources */,
				EF9E5441245FD0CE004FD475 /* AppDelegate.swift in Sources */,
				EF9E545E245FE2C7004FD475 /* DetailViewController.swift in Sources */,
				EF9E5443245FD0CE004FD475 /* SceneDelegate.swift in Sources */,
				EF9E5455245FD197004FD475 /* ListViewController.swift in Sources */,
			);
			runOnlyForDeploymentPostprocessing = 0;
		};
/* End PBXSourcesBuildPhase section */

/* Begin PBXVariantGroup section */
		EF9E5446245FD0CE004FD475 /* Main.storyboard */ = {
			isa = PBXVariantGroup;
			children = (
				EF9E5447245FD0CE004FD475 /* Base */,
			);
			name = Main.storyboard;
			sourceTree = "<group>";
		};
		EF9E544B245FD0D1004FD475 /* LaunchScreen.storyboard */ = {
			isa = PBXVariantGroup;
			children = (
				EF9E544C245FD0D1004FD475 /* Base */,
			);
			name = LaunchScreen.storyboard;
			sourceTree = "<group>";
		};
/* End PBXVariantGroup section */

/* Begin XCBuildConfiguration section */
		EF9E544F245FD0D1004FD475 /* Debug */ = {
			isa = XCBuildConfiguration;
			buildSettings = {
				ALWAYS_SEARCH_USER_PATHS = NO;
				CLANG_ANALYZER_NONNULL = YES;
				CLANG_ANALYZER_NUMBER_OBJECT_CONVERSION = YES_AGGRESSIVE;
				CLANG_CXX_LANGUAGE_STANDARD = "gnu++14";
				CLANG_CXX_LIBRARY = "libc++";
				CLANG_ENABLE_MODULES = YES;
				CLANG_ENABLE_OBJC_ARC = YES;
				CLANG_ENABLE_OBJC_WEAK = YES;
				CLANG_WARN_BLOCK_CAPTURE_AUTORELEASING = YES;
				CLANG_WARN_BOOL_CONVERSION = YES;
				CLANG_WARN_COMMA = YES;
				CLANG_WARN_CONSTANT_CONVERSION = YES;
				CLANG_WARN_DEPRECATED_OBJC_IMPLEMENTATIONS = YES;
				CLANG_WARN_DIRECT_OBJC_ISA_USAGE = YES_ERROR;
				CLANG_WARN_DOCUMENTATION_COMMENTS = YES;
				CLANG_WARN_EMPTY_BODY = YES;
				CLANG_WARN_ENUM_CONVERSION = YES;
				CLANG_WARN_INFINITE_RECURSION = YES;
				CLANG_WARN_INT_CONVERSION = YES;
				CLANG_WARN_NON_LITERAL_NULL_CONVERSION = YES;
				CLANG_WARN_OBJC_IMPLICIT_RETAIN_SELF = YES;
				CLANG_WARN_OBJC_LITERAL_CONVERSION = YES;
				CLANG_WARN_OBJC_ROOT_CLASS = YES_ERROR;
				CLANG_WARN_RANGE_LOOP_ANALYSIS = YES;
				CLANG_WARN_STRICT_PROTOTYPES = YES;
				CLANG_WARN_SUSPICIOUS_MOVE = YES;
				CLANG_WARN_UNGUARDED_AVAILABILITY = YES_AGGRESSIVE;
				CLANG_WARN_UNREACHABLE_CODE = YES;
				CLANG_WARN__DUPLICATE_METHOD_MATCH = YES;
				COPY_PHASE_STRIP = NO;
				DEBUG_INFORMATION_FORMAT = dwarf;
				ENABLE_STRICT_OBJC_MSGSEND = YES;
				ENABLE_TESTABILITY = YES;
				GCC_C_LANGUAGE_STANDARD = gnu11;
				GCC_DYNAMIC_NO_PIC = NO;
				GCC_NO_COMMON_BLOCKS = YES;
				GCC_OPTIMIZATION_LEVEL = 0;
				GCC_PREPROCESSOR_DEFINITIONS = (
					"DEBUG=1",
					"$(inherited)",
				);
				GCC_WARN_64_TO_32_BIT_CONVERSION = YES;
				GCC_WARN_ABOUT_RETURN_TYPE = YES_ERROR;
				GCC_WARN_UNDECLARED_SELECTOR = YES;
				GCC_WARN_UNINITIALIZED_AUTOS = YES_AGGRESSIVE;
				GCC_WARN_UNUSED_FUNCTION = YES;
				GCC_WARN_UNUSED_VARIABLE = YES;
				IPHONEOS_DEPLOYMENT_TARGET = 13.2;
				MTL_ENABLE_DEBUG_INFO = INCLUDE_SOURCE;
				MTL_FAST_MATH = YES;
				ONLY_ACTIVE_ARCH = YES;
				SDKROOT = iphoneos;
				SWIFT_ACTIVE_COMPILATION_CONDITIONS = DEBUG;
				SWIFT_OPTIMIZATION_LEVEL = "-Onone";
			};
			name = Debug;
		};
		EF9E5450245FD0D1004FD475 /* Release */ = {
			isa = XCBuildConfiguration;
			buildSettings = {
				ALWAYS_SEARCH_USER_PATHS = NO;
				CLANG_ANALYZER_NONNULL = YES;
				CLANG_ANALYZER_NUMBER_OBJECT_CONVERSION = YES_AGGRESSIVE;
				CLANG_CXX_LANGUAGE_STANDARD = "gnu++14";
				CLANG_CXX_LIBRARY = "libc++";
				CLANG_ENABLE_MODULES = YES;
				CLANG_ENABLE_OBJC_ARC = YES;
				CLANG_ENABLE_OBJC_WEAK = YES;
				CLANG_WARN_BLOCK_CAPTURE_AUTORELEASING = YES;
				CLANG_WARN_BOOL_CONVERSION = YES;
				CLANG_WARN_COMMA = YES;
				CLANG_WARN_CONSTANT_CONVERSION = YES;
				CLANG_WARN_DEPRECATED_OBJC_IMPLEMENTATIONS = YES;
				CLANG_WARN_DIRECT_OBJC_ISA_USAGE = YES_ERROR;
				CLANG_WARN_DOCUMENTATION_COMMENTS = YES;
				CLANG_WARN_EMPTY_BODY = YES;
				CLANG_WARN_ENUM_CONVERSION = YES;
				CLANG_WARN_INFINITE_RECURSION = YES;
				CLANG_WARN_INT_CONVERSION = YES;
				CLANG_WARN_NON_LITERAL_NULL_CONVERSION = YES;
				CLANG_WARN_OBJC_IMPLICIT_RETAIN_SELF = YES;
				CLANG_WARN_OBJC_LITERAL_CONVERSION = YES;
				CLANG_WARN_OBJC_ROOT_CLASS = YES_ERROR;
				CLANG_WARN_RANGE_LOOP_ANALYSIS = YES;
				CLANG_WARN_STRICT_PROTOTYPES = YES;
				CLANG_WARN_SUSPICIOUS_MOVE = YES;
				CLANG_WARN_UNGUARDED_AVAILABILITY = YES_AGGRESSIVE;
				CLANG_WARN_UNREACHABLE_CODE = YES;
				CLANG_WARN__DUPLICATE_METHOD_MATCH = YES;
				COPY_PHASE_STRIP = NO;
				DEBUG_INFORMATION_FORMAT = "dwarf-with-dsym";
				ENABLE_NS_ASSERTIONS = NO;
				ENABLE_STRICT_OBJC_MSGSEND = YES;
				GCC_C_LANGUAGE_STANDARD = gnu11;
				GCC_NO_COMMON_BLOCKS = YES;
				GCC_WARN_64_TO_32_BIT_CONVERSION = YES;
				GCC_WARN_ABOUT_RETURN_TYPE = YES_ERROR;
				GCC_WARN_UNDECLARED_SELECTOR = YES;
				GCC_WARN_UNINITIALIZED_AUTOS = YES_AGGRESSIVE;
				GCC_WARN_UNUSED_FUNCTION = YES;
				GCC_WARN_UNUSED_VARIABLE = YES;
				IPHONEOS_DEPLOYMENT_TARGET = 13.2;
				MTL_ENABLE_DEBUG_INFO = NO;
				MTL_FAST_MATH = YES;
				SDKROOT = iphoneos;
				SWIFT_COMPILATION_MODE = wholemodule;
				SWIFT_OPTIMIZATION_LEVEL = "-O";
				VALIDATE_PRODUCT = YES;
			};
			name = Release;
		};
		EF9E5452245FD0D1004FD475 /* Debug */ = {
			isa = XCBuildConfiguration;
			buildSettings = {
				ASSETCATALOG_COMPILER_APPICON_NAME = AppIcon;
				CODE_SIGN_STYLE = Automatic;
				INFOPLIST_FILE = NewsReader/Info.plist;
				LD_RUNPATH_SEARCH_PATHS = (
					"$(inherited)",
					"@executable_path/Frameworks",
				);
				PRODUCT_BUNDLE_IDENTIFIER = "okitsu-teppei.NewsReader";
				PRODUCT_NAME = "$(TARGET_NAME)";
				SWIFT_VERSION = 5.0;
				TARGETED_DEVICE_FAMILY = "1,2";
			};
			name = Debug;
		};
		EF9E5453245FD0D1004FD475 /* Release */ = {
			isa = XCBuildConfiguration;
			buildSettings = {
				ASSETCATALOG_COMPILER_APPICON_NAME = AppIcon;
				CODE_SIGN_STYLE = Automatic;
				INFOPLIST_FILE = NewsReader/Info.plist;
				LD_RUNPATH_SEARCH_PATHS = (
					"$(inherited)",
					"@executable_path/Frameworks",
				);
				PRODUCT_BUNDLE_IDENTIFIER = "okitsu-teppei.NewsReader";
				PRODUCT_NAME = "$(TARGET_NAME)";
				SWIFT_VERSION = 5.0;
				TARGETED_DEVICE_FAMILY = "1,2";
			};
			name = Release;
		};
/* End XCBuildConfiguration section */

/* Begin XCConfigurationList section */
		EF9E5438245FD0CE004FD475 /* Build configuration list for PBXProject "NewsReader" */ = {
			isa = XCConfigurationList;
			buildConfigurations = (
				EF9E544F245FD0D1004FD475 /* Debug */,
				EF9E5450245FD0D1004FD475 /* Release */,
			);
			defaultConfigurationIsVisible = 0;
			defaultConfigurationName = Release;
		};
		EF9E5451245FD0D1004FD475 /* Build configuration list for PBXNativeTarget "NewsReader" */ = {
			isa = XCConfigurationList;
			buildConfigurations = (
				EF9E5452245FD0D1004FD475 /* Debug */,
				EF9E5453245FD0D1004FD475 /* Release */,
			);
			defaultConfigurationIsVisible = 0;
			defaultConfigurationName = Release;
		};
/* End XCConfigurationList section */
	};
	rootObject = EF9E5435245FD0CE004FD475 /* Project object */;
}
